{
  "name": "buscador",
  "version": "1.0.0",
  "lockfileVersion": 1,
  "requires": true,
  "dependencies": {
    "button": {
      "version": "git+https://github.com/https-github-com-curso-litelement/button.git#99a73e028e41b79c53a07f403617e49a383449c6",
      "from": "git+https://github.com/https-github-com-curso-litelement/button.git",
      "requires": {
        "lit-element": "^2.5.1"
      }
    },
    "card": {
      "version": "git+https://github.com/https-github-com-curso-litelement/card.git#1c25eda2fc2199683e1013625c5a6e30b3ece115",
      "from": "git+https://github.com/https-github-com-curso-litelement/card.git",
      "requires": {
        "lit-element": "^2.5.1"
      }
    },
    "dividir": {
      "version": "git+https://github.com/https-github-com-curso-litelement/dividir.git#a0ab97d701cf9a44be6484de4fbbb36617a84ce6",
      "from": "git+https://github.com/https-github-com-curso-litelement/dividir.git",
      "requires": {
        "lit-element": "^2.5.1"
      }
    },
    "icons": {
      "version": "git+https://github.com/https-github-com-curso-litelement/icons.git#1a6a886583e02d931b7ee4691226dff598da221d",
      "from": "git+https://github.com/https-github-com-curso-litelement/icons.git",
      "requires": {
        "lit-element": "^2.5.1"
      }
    },
    "input": {
      "version": "git+https://github.com/https-github-com-curso-litelement/input.git#d1be22d8f6273b41a8e25b3a3d2c4caf13fcd536",
      "from": "git+https://github.com/https-github-com-curso-litelement/input.git",
      "requires": {
        "lit-element": "^2.5.1"
      }
    },
    "lit-element": {
      "version": "2.5.1",
      "resolved": "https://registry.npmjs.org/lit-element/-/lit-element-2.5.1.tgz",
      "integrity": "sha512-ogu7PiJTA33bEK0xGu1dmaX5vhcRjBXCFexPja0e7P7jqLhTpNKYRPmE+GmiCaRVAbiQKGkUgkh/i6+bh++dPQ==",
      "requires": {
        "lit-html": "^1.1.1"
      }
    },
    "lit-html": {
      "version": "1.4.1",
      "resolved": "https://registry.npmjs.org/lit-html/-/lit-html-1.4.1.tgz",
      "integrity": "sha512-B9btcSgPYb1q4oSOb/PrOT6Z/H+r6xuNzfH4lFli/AWhYwdtrgQkQWBbIc6mdnf6E2IL3gDXdkkqNktpU0OZQA=="
    },
    "select": {
      "version": "git+https://github.com/https-github-com-curso-litelement/select.git#33b3350396ae8ca54b82d7ba62edfcfd0ca5a994",
      "from": "git+https://github.com/https-github-com-curso-litelement/select.git",
      "requires": {
        "lit-element": "^2.5.1"
      }
    }
  }
}
